
Microsoft Visual Studio Solution File, Format Version 12.00
# Visual Studio Version 17
VisualStudioVersion = 17.3.32811.315
MinimumVisualStudioVersion = 10.0.40219.1
Project("{FAE04EC0-301F-11D3-BF4B-00C04F79EFBC}") = "PrisonManagementWebApp", "PrisonManagementWebApp\PrisonManagementWebApp.csproj", "{BA7AB6D6-5ACF-42E3-9046-CD6F6F0D2F45}"
EndProject
Global
	GlobalSection(SolutionConfigurationPlatforms) = preSolution
		Debug|Any CPU = Debug|Any CPU
		Release|Any CPU = Release|Any CPU
	EndGlobalSection
	GlobalSection(ProjectConfigurationPlatforms) = postSolution
		{BA7AB6D6-5ACF-42E3-9046-CD6F6F0D2F45}.Debug|Any CPU.ActiveCfg = Debug|Any CPU
		{BA7AB6D6-5ACF-42E3-9046-CD6F6F0D2F45}.Debug|Any CPU.Build.0 = Debug|Any CPU
		{BA7AB6D6-5ACF-42E3-9046-CD6F6F0D2F45}.Release|Any CPU.ActiveCfg = Release|Any CPU
		{BA7AB6D6-5ACF-42E3-9046-CD6F6F0D2F45}.Release|Any CPU.Build.0 = Release|Any CPU
	EndGlobalSection
	GlobalSection(SolutionProperties) = preSolution
		HideSolutionNode = FALSE
	EndGlobalSection
	GlobalSection(ExtensibilityGlobals) = postSolution
		SolutionGuid = {2F2D1F09-105C-4015-A505-DE4B32825A70}
	EndGlobalSection
EndGlobal
